# This file is automatically @generated by Cargo.
# It is not intended for manual editing.
version = 3

[[package]]
name = "system-call"
version = "0.1.3"
source = "registry+https://github.com/rust-lang/crates.io-index"
checksum = "c09a3f3d6b230aa53d05115ac629964c785f1d277c5015026392ea1629d40778"

[[package]]
name = "verified_by_contract"
version = "0.1.0"
dependencies = [
 "system-call",
]
